
Microsoft Visual Studio Solution File, Format Version 12.00
# Visual Studio Version 16
VisualStudioVersion = 16.0.32106.194
MinimumVisualStudioVersion = 10.0.40219.1
Project("{FAE04EC0-301F-11D3-BF4B-00C04F79EFBC}") = "Maximum Generics", "Maximum Generics\Maximum Generics.csproj", "{50FEE759-054A-47C3-B1A0-7280236DFCD9}"
EndProject
Global
	GlobalSection(SolutionConfigurationPlatforms) = preSolution
		Debug|Any CPU = Debug|Any CPU
		Release|Any CPU = Release|Any CPU
	EndGlobalSection
	GlobalSection(ProjectConfigurationPlatforms) = postSolution
		{50FEE759-054A-47C3-B1A0-7280236DFCD9}.Debug|Any CPU.ActiveCfg = Debug|Any CPU
		{50FEE759-054A-47C3-B1A0-7280236DFCD9}.Debug|Any CPU.Build.0 = Debug|Any CPU
		{50FEE759-054A-47C3-B1A0-7280236DFCD9}.Release|Any CPU.ActiveCfg = Release|Any CPU
		{50FEE759-054A-47C3-B1A0-7280236DFCD9}.Release|Any CPU.Build.0 = Release|Any CPU
	EndGlobalSection
	GlobalSection(SolutionProperties) = preSolution
		HideSolutionNode = FALSE
	EndGlobalSection
	GlobalSection(ExtensibilityGlobals) = postSolution
		SolutionGuid = {112BF0A1-7DBE-4A9A-AD76-2D9F4D08DFD9}
	EndGlobalSection
EndGlobal
